// !$*UTF8*$!
{
	archiveVersion = 1;
	classes = {
	};
	objectVersion = 56;
	objects = {

/* Begin PBXBuildFile section */
		5422A99729B082EB001A67D8 /* FilmView.swift in Sources */ = {isa = PBXBuildFile; fileRef = 5422A99629B082EB001A67D8 /* FilmView.swift */; };
		5422A99929B0830E001A67D8 /* FilmViewModel.swift in Sources */ = {isa = PBXBuildFile; fileRef = 5422A99829B0830E001A67D8 /* FilmViewModel.swift */; };
		54E3722D29AF2A4700A67B6F /* Lightspeed_challengeApp.swift in Sources */ = {isa = PBXBuildFile; fileRef = 54E3722C29AF2A4700A67B6F /* Lightspeed_challengeApp.swift */; };
		54E3722F29AF2A4700A67B6F /* PeopleView.swift in Sources */ = {isa = PBXBuildFile; fileRef = 54E3722E29AF2A4700A67B6F /* PeopleView.swift */; };
		54E3723129AF2A4800A67B6F /* Assets.xcassets in Resources */ = {isa = PBXBuildFile; fileRef = 54E3723029AF2A4800A67B6F /* Assets.xcassets */; };
		54E3723529AF2A4800A67B6F /* Preview Assets.xcassets in Resources */ = {isa = PBXBuildFile; fileRef = 54E3723429AF2A4800A67B6F /* Preview Assets.xcassets */; };
		54E3723F29AF2A4900A67B6F /* Lightspeed_challengeTests.swift in Sources */ = {isa = PBXBuildFile; fileRef = 54E3723E29AF2A4900A67B6F /* Lightspeed_challengeTests.swift */; };
		54E3724929AF2A4900A67B6F /* Lightspeed_challengeUITests.swift in Sources */ = {isa = PBXBuildFile; fileRef = 54E3724829AF2A4900A67B6F /* Lightspeed_challengeUITests.swift */; };
		54E3724B29AF2A4900A67B6F /* Lightspeed_challengeUITestsLaunchTests.swift in Sources */ = {isa = PBXBuildFile; fileRef = 54E3724A29AF2A4900A67B6F /* Lightspeed_challengeUITestsLaunchTests.swift */; };
		54E3725929AFECF700A67B6F /* Person.swift in Sources */ = {isa = PBXBuildFile; fileRef = 54E3725829AFECF700A67B6F /* Person.swift */; };
		54E3725B29AFF1B600A67B6F /* URLSessionHTTPClient.swift in Sources */ = {isa = PBXBuildFile; fileRef = 54E3725A29AFF1B600A67B6F /* URLSessionHTTPClient.swift */; };
		54E3725E29AFF1E200A67B6F /* HTTPClient.swift in Sources */ = {isa = PBXBuildFile; fileRef = 54E3725D29AFF1E200A67B6F /* HTTPClient.swift */; };
		54E3726129AFF66C00A67B6F /* PersonEndpoint.swift in Sources */ = {isa = PBXBuildFile; fileRef = 54E3726029AFF66C00A67B6F /* PersonEndpoint.swift */; };
		54E3726329B0002300A67B6F /* PeopleViewModel.swift in Sources */ = {isa = PBXBuildFile; fileRef = 54E3726229B0002300A67B6F /* PeopleViewModel.swift */; };
		54E3726629B004C200A67B6F /* FeedLoader.swift in Sources */ = {isa = PBXBuildFile; fileRef = 54E3726529B004C200A67B6F /* FeedLoader.swift */; };
		54E3726829B005C500A67B6F /* RemotePersonModel.swift in Sources */ = {isa = PBXBuildFile; fileRef = 54E3726729B005C500A67B6F /* RemotePersonModel.swift */; };
		54E3726B29B0092000A67B6F /* RemoteFilmModel.swift in Sources */ = {isa = PBXBuildFile; fileRef = 54E3726A29B0092000A67B6F /* RemoteFilmModel.swift */; };
		54E3726D29B00AD700A67B6F /* RemotePersonLoader.swift in Sources */ = {isa = PBXBuildFile; fileRef = 54E3726C29B00AD700A67B6F /* RemotePersonLoader.swift */; };
		54E3726F29B00C4C00A67B6F /* RemotePersonMapper.swift in Sources */ = {isa = PBXBuildFile; fileRef = 54E3726E29B00C4C00A67B6F /* RemotePersonMapper.swift */; };
		54E3727429B02CC100A67B6F /* PeopleDetail.swift in Sources */ = {isa = PBXBuildFile; fileRef = 54E3727329B02CC100A67B6F /* PeopleDetail.swift */; };
		54E3727629B034D200A67B6F /* PeopleDetailViewModel.swift in Sources */ = {isa = PBXBuildFile; fileRef = 54E3727529B034D200A67B6F /* PeopleDetailViewModel.swift */; };
		54E3727829B0361900A67B6F /* RemoteFilmLoader.swift in Sources */ = {isa = PBXBuildFile; fileRef = 54E3727729B0361900A67B6F /* RemoteFilmLoader.swift */; };
		54E3727A29B0365800A67B6F /* Film.swift in Sources */ = {isa = PBXBuildFile; fileRef = 54E3727929B0365800A67B6F /* Film.swift */; };
		54E3727C29B0385900A67B6F /* RemoteFilmMapper.swift in Sources */ = {isa = PBXBuildFile; fileRef = 54E3727B29B0385900A67B6F /* RemoteFilmMapper.swift */; };
		54E3727E29B0526D00A67B6F /* ShimmeringView.swift in Sources */ = {isa = PBXBuildFile; fileRef = 54E3727D29B0526D00A67B6F /* ShimmeringView.swift */; };
/* End PBXBuildFile section */

/* Begin PBXContainerItemProxy section */
		54E3723B29AF2A4800A67B6F /* PBXContainerItemProxy */ = {
			isa = PBXContainerItemProxy;
			containerPortal = 54E3722129AF2A4700A67B6F /* Project object */;
			proxyType = 1;
			remoteGlobalIDString = 54E3722829AF2A4700A67B6F;
			remoteInfo = Lightspeed_challenge;
		};
		54E3724529AF2A4900A67B6F /* PBXContainerItemProxy */ = {
			isa = PBXContainerItemProxy;
			containerPortal = 54E3722129AF2A4700A67B6F /* Project object */;
			proxyType = 1;
			remoteGlobalIDString = 54E3722829AF2A4700A67B6F;
			remoteInfo = Lightspeed_challenge;
		};
/* End PBXContainerItemProxy section */

/* Begin PBXFileReference section */
		5422A99629B082EB001A67D8 /* FilmView.swift */ = {isa = PBXFileReference; lastKnownFileType = sourcecode.swift; path = FilmView.swift; sourceTree = "<group>"; };
		5422A99829B0830E001A67D8 /* FilmViewModel.swift */ = {isa = PBXFileReference; lastKnownFileType = sourcecode.swift; path = FilmViewModel.swift; sourceTree = "<group>"; };
		54E3722929AF2A4700A67B6F /* Lightspeed_challenge.app */ = {isa = PBXFileReference; explicitFileType = wrapper.application; includeInIndex = 0; path = Lightspeed_challenge.app; sourceTree = BUILT_PRODUCTS_DIR; };
		54E3722C29AF2A4700A67B6F /* Lightspeed_challengeApp.swift */ = {isa = PBXFileReference; lastKnownFileType = sourcecode.swift; path = Lightspeed_challengeApp.swift; sourceTree = "<group>"; };
		54E3722E29AF2A4700A67B6F /* PeopleView.swift */ = {isa = PBXFileReference; lastKnownFileType = sourcecode.swift; path = PeopleView.swift; sourceTree = "<group>"; };
		54E3723029AF2A4800A67B6F /* Assets.xcassets */ = {isa = PBXFileReference; lastKnownFileType = folder.assetcatalog; path = Assets.xcassets; sourceTree = "<group>"; };
		54E3723229AF2A4800A67B6F /* Lightspeed_challenge.entitlements */ = {isa = PBXFileReference; lastKnownFileType = text.plist.entitlements; path = Lightspeed_challenge.entitlements; sourceTree = "<group>"; };
		54E3723429AF2A4800A67B6F /* Preview Assets.xcassets */ = {isa = PBXFileReference; lastKnownFileType = folder.assetcatalog; path = "Preview Assets.xcassets"; sourceTree = "<group>"; };
		54E3723A29AF2A4800A67B6F /* Lightspeed_challengeTests.xctest */ = {isa = PBXFileReference; explicitFileType = wrapper.cfbundle; includeInIndex = 0; path = Lightspeed_challengeTests.xctest; sourceTree = BUILT_PRODUCTS_DIR; };
		54E3723E29AF2A4900A67B6F /* Lightspeed_challengeTests.swift */ = {isa = PBXFileReference; lastKnownFileType = sourcecode.swift; path = Lightspeed_challengeTests.swift; sourceTree = "<group>"; };
		54E3724429AF2A4900A67B6F /* Lightspeed_challengeUITests.xctest */ = {isa = PBXFileReference; explicitFileType = wrapper.cfbundle; includeInIndex = 0; path = Lightspeed_challengeUITests.xctest; sourceTree = BUILT_PRODUCTS_DIR; };
		54E3724829AF2A4900A67B6F /* Lightspeed_challengeUITests.swift */ = {isa = PBXFileReference; lastKnownFileType = sourcecode.swift; path = Lightspeed_challengeUITests.swift; sourceTree = "<group>"; };
		54E3724A29AF2A4900A67B6F /* Lightspeed_challengeUITestsLaunchTests.swift */ = {isa = PBXFileReference; lastKnownFileType = sourcecode.swift; path = Lightspeed_challengeUITestsLaunchTests.swift; sourceTree = "<group>"; };
		54E3725829AFECF700A67B6F /* Person.swift */ = {isa = PBXFileReference; lastKnownFileType = sourcecode.swift; path = Person.swift; sourceTree = "<group>"; };
		54E3725A29AFF1B600A67B6F /* URLSessionHTTPClient.swift */ = {isa = PBXFileReference; lastKnownFileType = sourcecode.swift; path = URLSessionHTTPClient.swift; sourceTree = "<group>"; };
		54E3725D29AFF1E200A67B6F /* HTTPClient.swift */ = {isa = PBXFileReference; lastKnownFileType = sourcecode.swift; path = HTTPClient.swift; sourceTree = "<group>"; };
		54E3726029AFF66C00A67B6F /* PersonEndpoint.swift */ = {isa = PBXFileReference; lastKnownFileType = sourcecode.swift; path = PersonEndpoint.swift; sourceTree = "<group>"; };
		54E3726229B0002300A67B6F /* PeopleViewModel.swift */ = {isa = PBXFileReference; lastKnownFileType = sourcecode.swift; path = PeopleViewModel.swift; sourceTree = "<group>"; };
		54E3726529B004C200A67B6F /* FeedLoader.swift */ = {isa = PBXFileReference; lastKnownFileType = sourcecode.swift; path = FeedLoader.swift; sourceTree = "<group>"; };
		54E3726729B005C500A67B6F /* RemotePersonModel.swift */ = {isa = PBXFileReference; lastKnownFileType = sourcecode.swift; path = RemotePersonModel.swift; sourceTree = "<group>"; };
		54E3726A29B0092000A67B6F /* RemoteFilmModel.swift */ = {isa = PBXFileReference; lastKnownFileType = sourcecode.swift; path = RemoteFilmModel.swift; sourceTree = "<group>"; };
		54E3726C29B00AD700A67B6F /* RemotePersonLoader.swift */ = {isa = PBXFileReference; lastKnownFileType = sourcecode.swift; path = RemotePersonLoader.swift; sourceTree = "<group>"; };
		54E3726E29B00C4C00A67B6F /* RemotePersonMapper.swift */ = {isa = PBXFileReference; lastKnownFileType = sourcecode.swift; path = RemotePersonMapper.swift; sourceTree = "<group>"; };
		54E3727329B02CC100A67B6F /* PeopleDetail.swift */ = {isa = PBXFileReference; lastKnownFileType = sourcecode.swift; path = PeopleDetail.swift; sourceTree = "<group>"; };
		54E3727529B034D200A67B6F /* PeopleDetailViewModel.swift */ = {isa = PBXFileReference; lastKnownFileType = sourcecode.swift; path = PeopleDetailViewModel.swift; sourceTree = "<group>"; };
		54E3727729B0361900A67B6F /* RemoteFilmLoader.swift */ = {isa = PBXFileReference; lastKnownFileType = sourcecode.swift; path = RemoteFilmLoader.swift; sourceTree = "<group>"; };
		54E3727929B0365800A67B6F /* Film.swift */ = {isa = PBXFileReference; lastKnownFileType = sourcecode.swift; path = Film.swift; sourceTree = "<group>"; };
		54E3727B29B0385900A67B6F /* RemoteFilmMapper.swift */ = {isa = PBXFileReference; lastKnownFileType = sourcecode.swift; path = RemoteFilmMapper.swift; sourceTree = "<group>"; };
		54E3727D29B0526D00A67B6F /* ShimmeringView.swift */ = {isa = PBXFileReference; lastKnownFileType = sourcecode.swift; path = ShimmeringView.swift; sourceTree = "<group>"; };
/* End PBXFileReference section */

/* Begin PBXFrameworksBuildPhase section */
		54E3722629AF2A4700A67B6F /* Frameworks */ = {
			isa = PBXFrameworksBuildPhase;
			buildActionMask = 2147483647;
			files = (
			);
			runOnlyForDeploymentPostprocessing = 0;
		};
		54E3723729AF2A4800A67B6F /* Frameworks */ = {
			isa = PBXFrameworksBuildPhase;
			buildActionMask = 2147483647;
			files = (
			);
			runOnlyForDeploymentPostprocessing = 0;
		};
		54E3724129AF2A4900A67B6F /* Frameworks */ = {
			isa = PBXFrameworksBuildPhase;
			buildActionMask = 2147483647;
			files = (
			);
			runOnlyForDeploymentPostprocessing = 0;
		};
/* End PBXFrameworksBuildPhase section */

/* Begin PBXGroup section */
		54E3722029AF2A4700A67B6F = {
			isa = PBXGroup;
			children = (
				54E3722B29AF2A4700A67B6F /* Lightspeed_challenge */,
				54E3723D29AF2A4900A67B6F /* Lightspeed_challengeTests */,
				54E3724729AF2A4900A67B6F /* Lightspeed_challengeUITests */,
				54E3722A29AF2A4700A67B6F /* Products */,
			);
			sourceTree = "<group>";
		};
		54E3722A29AF2A4700A67B6F /* Products */ = {
			isa = PBXGroup;
			children = (
				54E3722929AF2A4700A67B6F /* Lightspeed_challenge.app */,
				54E3723A29AF2A4800A67B6F /* Lightspeed_challengeTests.xctest */,
				54E3724429AF2A4900A67B6F /* Lightspeed_challengeUITests.xctest */,
			);
			name = Products;
			sourceTree = "<group>";
		};
		54E3722B29AF2A4700A67B6F /* Lightspeed_challenge */ = {
			isa = PBXGroup;
			children = (
				54E3726929B007C100A67B6F /* Film API */,
				54E3726429B004A700A67B6F /* Person Feature */,
				54E3725F29AFF5FD00A67B6F /* Person API */,
				54E3725C29AFF1D200A67B6F /* Shared API */,
				54E3725729AFECD800A67B6F /* Model */,
				54E3722C29AF2A4700A67B6F /* Lightspeed_challengeApp.swift */,
				54E3727029B02C8800A67B6F /* View */,
				54E3723029AF2A4800A67B6F /* Assets.xcassets */,
				54E3723229AF2A4800A67B6F /* Lightspeed_challenge.entitlements */,
				54E3723329AF2A4800A67B6F /* Preview Content */,
				54E3725A29AFF1B600A67B6F /* URLSessionHTTPClient.swift */,
			);
			path = Lightspeed_challenge;
			sourceTree = "<group>";
		};
		54E3723329AF2A4800A67B6F /* Preview Content */ = {
			isa = PBXGroup;
			children = (
				54E3723429AF2A4800A67B6F /* Preview Assets.xcassets */,
			);
			path = "Preview Content";
			sourceTree = "<group>";
		};
		54E3723D29AF2A4900A67B6F /* Lightspeed_challengeTests */ = {
			isa = PBXGroup;
			children = (
				54E3723E29AF2A4900A67B6F /* Lightspeed_challengeTests.swift */,
			);
			path = Lightspeed_challengeTests;
			sourceTree = "<group>";
		};
		54E3724729AF2A4900A67B6F /* Lightspeed_challengeUITests */ = {
			isa = PBXGroup;
			children = (
				54E3724829AF2A4900A67B6F /* Lightspeed_challengeUITests.swift */,
				54E3724A29AF2A4900A67B6F /* Lightspeed_challengeUITestsLaunchTests.swift */,
			);
			path = Lightspeed_challengeUITests;
			sourceTree = "<group>";
		};
		54E3725729AFECD800A67B6F /* Model */ = {
			isa = PBXGroup;
			children = (
				54E3725829AFECF700A67B6F /* Person.swift */,
				54E3727929B0365800A67B6F /* Film.swift */,
			);
			path = Model;
			sourceTree = "<group>";
		};
		54E3725C29AFF1D200A67B6F /* Shared API */ = {
			isa = PBXGroup;
			children = (
				54E3725D29AFF1E200A67B6F /* HTTPClient.swift */,
			);
			path = "Shared API";
			sourceTree = "<group>";
		};
		54E3725F29AFF5FD00A67B6F /* Person API */ = {
			isa = PBXGroup;
			children = (
				54E3726029AFF66C00A67B6F /* PersonEndpoint.swift */,
				54E3726729B005C500A67B6F /* RemotePersonModel.swift */,
				54E3726C29B00AD700A67B6F /* RemotePersonLoader.swift */,
				54E3726E29B00C4C00A67B6F /* RemotePersonMapper.swift */,
			);
			path = "Person API";
			sourceTree = "<group>";
		};
		54E3726429B004A700A67B6F /* Person Feature */ = {
			isa = PBXGroup;
			children = (
				54E3726529B004C200A67B6F /* FeedLoader.swift */,
			);
			path = "Person Feature";
			sourceTree = "<group>";
		};
		54E3726929B007C100A67B6F /* Film API */ = {
			isa = PBXGroup;
			children = (
				54E3726A29B0092000A67B6F /* RemoteFilmModel.swift */,
				54E3727729B0361900A67B6F /* RemoteFilmLoader.swift */,
				54E3727B29B0385900A67B6F /* RemoteFilmMapper.swift */,
			);
			path = "Film API";
			sourceTree = "<group>";
		};
		54E3727029B02C8800A67B6F /* View */ = {
			isa = PBXGroup;
			children = (
				54E3722E29AF2A4700A67B6F /* PeopleView.swift */,
				54E3726229B0002300A67B6F /* PeopleViewModel.swift */,
				54E3727329B02CC100A67B6F /* PeopleDetail.swift */,
				54E3727529B034D200A67B6F /* PeopleDetailViewModel.swift */,
				54E3727D29B0526D00A67B6F /* ShimmeringView.swift */,
				5422A99629B082EB001A67D8 /* FilmView.swift */,
				5422A99829B0830E001A67D8 /* FilmViewModel.swift */,
			);
			path = View;
			sourceTree = "<group>";
		};
/* End PBXGroup section */

/* Begin PBXNativeTarget section */
		54E3722829AF2A4700A67B6F /* Lightspeed_challenge */ = {
			isa = PBXNativeTarget;
			buildConfigurationList = 54E3724E29AF2A4900A67B6F /* Build configuration list for PBXNativeTarget "Lightspeed_challenge" */;
			buildPhases = (
				54E3722529AF2A4700A67B6F /* Sources */,
				54E3722629AF2A4700A67B6F /* Frameworks */,
				54E3722729AF2A4700A67B6F /* Resources */,
			);
			buildRules = (
			);
			dependencies = (
			);
			name = Lightspeed_challenge;
			productName = Lightspeed_challenge;
			productReference = 54E3722929AF2A4700A67B6F /* Lightspeed_challenge.app */;
			productType = "com.apple.product-type.application";
		};
		54E3723929AF2A4800A67B6F /* Lightspeed_challengeTests */ = {
			isa = PBXNativeTarget;
			buildConfigurationList = 54E3725129AF2A4900A67B6F /* Build configuration list for PBXNativeTarget "Lightspeed_challengeTests" */;
			buildPhases = (
				54E3723629AF2A4800A67B6F /* Sources */,
				54E3723729AF2A4800A67B6F /* Frameworks */,
				54E3723829AF2A4800A67B6F /* Resources */,
			);
			buildRules = (
			);
			dependencies = (
				54E3723C29AF2A4800A67B6F /* PBXTargetDependency */,
			);
			name = Lightspeed_challengeTests;
			productName = Lightspeed_challengeTests;
			productReference = 54E3723A29AF2A4800A67B6F /* Lightspeed_challengeTests.xctest */;
			productType = "com.apple.product-type.bundle.unit-test";
		};
		54E3724329AF2A4900A67B6F /* Lightspeed_challengeUITests */ = {
			isa = PBXNativeTarget;
			buildConfigurationList = 54E3725429AF2A4900A67B6F /* Build configuration list for PBXNativeTarget "Lightspeed_challengeUITests" */;
			buildPhases = (
				54E3724029AF2A4900A67B6F /* Sources */,
				54E3724129AF2A4900A67B6F /* Frameworks */,
				54E3724229AF2A4900A67B6F /* Resources */,
			);
			buildRules = (
			);
			dependencies = (
				54E3724629AF2A4900A67B6F /* PBXTargetDependency */,
			);
			name = Lightspeed_challengeUITests;
			productName = Lightspeed_challengeUITests;
			productReference = 54E3724429AF2A4900A67B6F /* Lightspeed_challengeUITests.xctest */;
			productType = "com.apple.product-type.bundle.ui-testing";
		};
/* End PBXNativeTarget section */

/* Begin PBXProject section */
		54E3722129AF2A4700A67B6F /* Project object */ = {
			isa = PBXProject;
			attributes = {
				BuildIndependentTargetsInParallel = 1;
				LastSwiftUpdateCheck = 1420;
				LastUpgradeCheck = 1420;
				TargetAttributes = {
					54E3722829AF2A4700A67B6F = {
						CreatedOnToolsVersion = 14.2;
					};
					54E3723929AF2A4800A67B6F = {
						CreatedOnToolsVersion = 14.2;
						TestTargetID = 54E3722829AF2A4700A67B6F;
					};
					54E3724329AF2A4900A67B6F = {
						CreatedOnToolsVersion = 14.2;
						TestTargetID = 54E3722829AF2A4700A67B6F;
					};
				};
			};
			buildConfigurationList = 54E3722429AF2A4700A67B6F /* Build configuration list for PBXProject "Lightspeed_challenge" */;
			compatibilityVersion = "Xcode 14.0";
			developmentRegion = en;
			hasScannedForEncodings = 0;
			knownRegions = (
				en,
				Base,
			);
			mainGroup = 54E3722029AF2A4700A67B6F;
			productRefGroup = 54E3722A29AF2A4700A67B6F /* Products */;
			projectDirPath = "";
			projectRoot = "";
			targets = (
				54E3722829AF2A4700A67B6F /* Lightspeed_challenge */,
				54E3723929AF2A4800A67B6F /* Lightspeed_challengeTests */,
				54E3724329AF2A4900A67B6F /* Lightspeed_challengeUITests */,
			);
		};
/* End PBXProject section */

/* Begin PBXResourcesBuildPhase section */
		54E3722729AF2A4700A67B6F /* Resources */ = {
			isa = PBXResourcesBuildPhase;
			buildActionMask = 2147483647;
			files = (
				54E3723529AF2A4800A67B6F /* Preview Assets.xcassets in Resources */,
				54E3723129AF2A4800A67B6F /* Assets.xcassets in Resources */,
			);
			runOnlyForDeploymentPostprocessing = 0;
		};
		54E3723829AF2A4800A67B6F /* Resources */ = {
			isa = PBXResourcesBuildPhase;
			buildActionMask = 2147483647;
			files = (
			);
			runOnlyForDeploymentPostprocessing = 0;
		};
		54E3724229AF2A4900A67B6F /* Resources */ = {
			isa = PBXResourcesBuildPhase;
			buildActionMask = 2147483647;
			files = (
			);
			runOnlyForDeploymentPostprocessing = 0;
		};
/* End PBXResourcesBuildPhase section */

/* Begin PBXSourcesBuildPhase section */
		54E3722529AF2A4700A67B6F /* Sources */ = {
			isa = PBXSourcesBuildPhase;
			buildActionMask = 2147483647;
			files = (
				54E3722F29AF2A4700A67B6F /* PeopleView.swift in Sources */,
				54E3726129AFF66C00A67B6F /* PersonEndpoint.swift in Sources */,
				5422A99929B0830E001A67D8 /* FilmViewModel.swift in Sources */,
				54E3725E29AFF1E200A67B6F /* HTTPClient.swift in Sources */,
				54E3727829B0361900A67B6F /* RemoteFilmLoader.swift in Sources */,
				54E3725929AFECF700A67B6F /* Person.swift in Sources */,
				54E3726329B0002300A67B6F /* PeopleViewModel.swift in Sources */,
				54E3726D29B00AD700A67B6F /* RemotePersonLoader.swift in Sources */,
				54E3727E29B0526D00A67B6F /* ShimmeringView.swift in Sources */,
				54E3726B29B0092000A67B6F /* RemoteFilmModel.swift in Sources */,
				54E3722D29AF2A4700A67B6F /* Lightspeed_challengeApp.swift in Sources */,
				54E3727629B034D200A67B6F /* PeopleDetailViewModel.swift in Sources */,
				54E3726829B005C500A67B6F /* RemotePersonModel.swift in Sources */,
				5422A99729B082EB001A67D8 /* FilmView.swift in Sources */,
				54E3726629B004C200A67B6F /* FeedLoader.swift in Sources */,
				54E3725B29AFF1B600A67B6F /* URLSessionHTTPClient.swift in Sources */,
				54E3727C29B0385900A67B6F /* RemoteFilmMapper.swift in Sources */,
				54E3727A29B0365800A67B6F /* Film.swift in Sources */,
				54E3726F29B00C4C00A67B6F /* RemotePersonMapper.swift in Sources */,
				54E3727429B02CC100A67B6F /* PeopleDetail.swift in Sources */,
			);
			runOnlyForDeploymentPostprocessing = 0;
		};
		54E3723629AF2A4800A67B6F /* Sources */ = {
			isa = PBXSourcesBuildPhase;
			buildActionMask = 2147483647;
			files = (
				54E3723F29AF2A4900A67B6F /* Lightspeed_challengeTests.swift in Sources */,
			);
			runOnlyForDeploymentPostprocessing = 0;
		};
		54E3724029AF2A4900A67B6F /* Sources */ = {
			isa = PBXSourcesBuildPhase;
			buildActionMask = 2147483647;
			files = (
				54E3724929AF2A4900A67B6F /* Lightspeed_challengeUITests.swift in Sources */,
				54E3724B29AF2A4900A67B6F /* Lightspeed_challengeUITestsLaunchTests.swift in Sources */,
			);
			runOnlyForDeploymentPostprocessing = 0;
		};
/* End PBXSourcesBuildPhase section */

/* Begin PBXTargetDependency section */
		54E3723C29AF2A4800A67B6F /* PBXTargetDependency */ = {
			isa = PBXTargetDependency;
			target = 54E3722829AF2A4700A67B6F /* Lightspeed_challenge */;
			targetProxy = 54E3723B29AF2A4800A67B6F /* PBXContainerItemProxy */;
		};
		54E3724629AF2A4900A67B6F /* PBXTargetDependency */ = {
			isa = PBXTargetDependency;
			target = 54E3722829AF2A4700A67B6F /* Lightspeed_challenge */;
			targetProxy = 54E3724529AF2A4900A67B6F /* PBXContainerItemProxy */;
		};
/* End PBXTargetDependency section */

/* Begin XCBuildConfiguration section */
		54E3724C29AF2A4900A67B6F /* Debug */ = {
			isa = XCBuildConfiguration;
			buildSettings = {
				ALWAYS_SEARCH_USER_PATHS = NO;
				CLANG_ANALYZER_NONNULL = YES;
				CLANG_ANALYZER_NUMBER_OBJECT_CONVERSION = YES_AGGRESSIVE;
				CLANG_CXX_LANGUAGE_STANDARD = "gnu++20";
				CLANG_ENABLE_MODULES = YES;
				CLANG_ENABLE_OBJC_ARC = YES;
				CLANG_ENABLE_OBJC_WEAK = YES;
				CLANG_WARN_BLOCK_CAPTURE_AUTORELEASING = YES;
				CLANG_WARN_BOOL_CONVERSION = YES;
				CLANG_WARN_COMMA = YES;
				CLANG_WARN_CONSTANT_CONVERSION = YES;
				CLANG_WARN_DEPRECATED_OBJC_IMPLEMENTATIONS = YES;
				CLANG_WARN_DIRECT_OBJC_ISA_USAGE = YES_ERROR;
				CLANG_WARN_DOCUMENTATION_COMMENTS = YES;
				CLANG_WARN_EMPTY_BODY = YES;
				CLANG_WARN_ENUM_CONVERSION = YES;
				CLANG_WARN_INFINITE_RECURSION = YES;
				CLANG_WARN_INT_CONVERSION = YES;
				CLANG_WARN_NON_LITERAL_NULL_CONVERSION = YES;
				CLANG_WARN_OBJC_IMPLICIT_RETAIN_SELF = YES;
				CLANG_WARN_OBJC_LITERAL_CONVERSION = YES;
				CLANG_WARN_OBJC_ROOT_CLASS = YES_ERROR;
				CLANG_WARN_QUOTED_INCLUDE_IN_FRAMEWORK_HEADER = YES;
				CLANG_WARN_RANGE_LOOP_ANALYSIS = YES;
				CLANG_WARN_STRICT_PROTOTYPES = YES;
				CLANG_WARN_SUSPICIOUS_MOVE = YES;
				CLANG_WARN_UNGUARDED_AVAILABILITY = YES_AGGRESSIVE;
				CLANG_WARN_UNREACHABLE_CODE = YES;
				CLANG_WARN__DUPLICATE_METHOD_MATCH = YES;
				COPY_PHASE_STRIP = NO;
				DEBUG_INFORMATION_FORMAT = dwarf;
				ENABLE_STRICT_OBJC_MSGSEND = YES;
				ENABLE_TESTABILITY = YES;
				GCC_C_LANGUAGE_STANDARD = gnu11;
				GCC_DYNAMIC_NO_PIC = NO;
				GCC_NO_COMMON_BLOCKS = YES;
				GCC_OPTIMIZATION_LEVEL = 0;
				GCC_PREPROCESSOR_DEFINITIONS = (
					"DEBUG=1",
					"$(inherited)",
				);
				GCC_WARN_64_TO_32_BIT_CONVERSION = YES;
				GCC_WARN_ABOUT_RETURN_TYPE = YES_ERROR;
				GCC_WARN_UNDECLARED_SELECTOR = YES;
				GCC_WARN_UNINITIALIZED_AUTOS = YES_AGGRESSIVE;
				GCC_WARN_UNUSED_FUNCTION = YES;
				GCC_WARN_UNUSED_VARIABLE = YES;
				MTL_ENABLE_DEBUG_INFO = INCLUDE_SOURCE;
				MTL_FAST_MATH = YES;
				ONLY_ACTIVE_ARCH = YES;
				SWIFT_ACTIVE_COMPILATION_CONDITIONS = DEBUG;
				SWIFT_OPTIMIZATION_LEVEL = "-Onone";
			};
			name = Debug;
		};
		54E3724D29AF2A4900A67B6F /* Release */ = {
			isa = XCBuildConfiguration;
			buildSettings = {
				ALWAYS_SEARCH_USER_PATHS = NO;
				CLANG_ANALYZER_NONNULL = YES;
				CLANG_ANALYZER_NUMBER_OBJECT_CONVERSION = YES_AGGRESSIVE;
				CLANG_CXX_LANGUAGE_STANDARD = "gnu++20";
				CLANG_ENABLE_MODULES = YES;
				CLANG_ENABLE_OBJC_ARC = YES;
				CLANG_ENABLE_OBJC_WEAK = YES;
				CLANG_WARN_BLOCK_CAPTURE_AUTORELEASING = YES;
				CLANG_WARN_BOOL_CONVERSION = YES;
				CLANG_WARN_COMMA = YES;
				CLANG_WARN_CONSTANT_CONVERSION = YES;
				CLANG_WARN_DEPRECATED_OBJC_IMPLEMENTATIONS = YES;
				CLANG_WARN_DIRECT_OBJC_ISA_USAGE = YES_ERROR;
				CLANG_WARN_DOCUMENTATION_COMMENTS = YES;
				CLANG_WARN_EMPTY_BODY = YES;
				CLANG_WARN_ENUM_CONVERSION = YES;
				CLANG_WARN_INFINITE_RECURSION = YES;
				CLANG_WARN_INT_CONVERSION = YES;
				CLANG_WARN_NON_LITERAL_NULL_CONVERSION = YES;
				CLANG_WARN_OBJC_IMPLICIT_RETAIN_SELF = YES;
				CLANG_WARN_OBJC_LITERAL_CONVERSION = YES;
				CLANG_WARN_OBJC_ROOT_CLASS = YES_ERROR;
				CLANG_WARN_QUOTED_INCLUDE_IN_FRAMEWORK_HEADER = YES;
				CLANG_WARN_RANGE_LOOP_ANALYSIS = YES;
				CLANG_WARN_STRICT_PROTOTYPES = YES;
				CLANG_WARN_SUSPICIOUS_MOVE = YES;
				CLANG_WARN_UNGUARDED_AVAILABILITY = YES_AGGRESSIVE;
				CLANG_WARN_UNREACHABLE_CODE = YES;
				CLANG_WARN__DUPLICATE_METHOD_MATCH = YES;
				COPY_PHASE_STRIP = NO;
				DEBUG_INFORMATION_FORMAT = "dwarf-with-dsym";
				ENABLE_NS_ASSERTIONS = NO;
				ENABLE_STRICT_OBJC_MSGSEND = YES;
				GCC_C_LANGUAGE_STANDARD = gnu11;
				GCC_NO_COMMON_BLOCKS = YES;
				GCC_WARN_64_TO_32_BIT_CONVERSION = YES;
				GCC_WARN_ABOUT_RETURN_TYPE = YES_ERROR;
				GCC_WARN_UNDECLARED_SELECTOR = YES;
				GCC_WARN_UNINITIALIZED_AUTOS = YES_AGGRESSIVE;
				GCC_WARN_UNUSED_FUNCTION = YES;
				GCC_WARN_UNUSED_VARIABLE = YES;
				MTL_ENABLE_DEBUG_INFO = NO;
				MTL_FAST_MATH = YES;
				SWIFT_COMPILATION_MODE = wholemodule;
				SWIFT_OPTIMIZATION_LEVEL = "-O";
			};
			name = Release;
		};
		54E3724F29AF2A4900A67B6F /* Debug */ = {
			isa = XCBuildConfiguration;
			buildSettings = {
				ASSETCATALOG_COMPILER_APPICON_NAME = AppIcon;
				ASSETCATALOG_COMPILER_GLOBAL_ACCENT_COLOR_NAME = AccentColor;
				CODE_SIGN_ENTITLEMENTS = Lightspeed_challenge/Lightspeed_challenge.entitlements;
				CODE_SIGN_STYLE = Automatic;
				CURRENT_PROJECT_VERSION = 1;
				DEVELOPMENT_ASSET_PATHS = "\"Lightspeed_challenge/Preview Content\"";
				DEVELOPMENT_TEAM = NSV84AMUXC;
				ENABLE_HARDENED_RUNTIME = YES;
				ENABLE_PREVIEWS = YES;
				GENERATE_INFOPLIST_FILE = YES;
				"INFOPLIST_KEY_UIApplicationSceneManifest_Generation[sdk=iphoneos*]" = YES;
				"INFOPLIST_KEY_UIApplicationSceneManifest_Generation[sdk=iphonesimulator*]" = YES;
				"INFOPLIST_KEY_UIApplicationSupportsIndirectInputEvents[sdk=iphoneos*]" = YES;
				"INFOPLIST_KEY_UIApplicationSupportsIndirectInputEvents[sdk=iphonesimulator*]" = YES;
				"INFOPLIST_KEY_UILaunchScreen_Generation[sdk=iphoneos*]" = YES;
				"INFOPLIST_KEY_UILaunchScreen_Generation[sdk=iphonesimulator*]" = YES;
				"INFOPLIST_KEY_UIStatusBarStyle[sdk=iphoneos*]" = UIStatusBarStyleDefault;
				"INFOPLIST_KEY_UIStatusBarStyle[sdk=iphonesimulator*]" = UIStatusBarStyleDefault;
				INFOPLIST_KEY_UISupportedInterfaceOrientations_iPad = "UIInterfaceOrientationPortrait UIInterfaceOrientationPortraitUpsideDown UIInterfaceOrientationLandscapeLeft UIInterfaceOrientationLandscapeRight";
				INFOPLIST_KEY_UISupportedInterfaceOrientations_iPhone = "UIInterfaceOrientationPortrait UIInterfaceOrientationLandscapeLeft UIInterfaceOrientationLandscapeRight";
				IPHONEOS_DEPLOYMENT_TARGET = 16.2;
				LD_RUNPATH_SEARCH_PATHS = "@executable_path/Frameworks";
				"LD_RUNPATH_SEARCH_PATHS[sdk=macosx*]" = "@executable_path/../Frameworks";
				MACOSX_DEPLOYMENT_TARGET = 13.1;
				MARKETING_VERSION = 1.0;
				PRODUCT_BUNDLE_IDENTIFIER = "com.sheharyar.Lightspeed-challenge";
				PRODUCT_NAME = "$(TARGET_NAME)";
				SDKROOT = auto;
				SUPPORTED_PLATFORMS = "iphoneos iphonesimulator";
				SUPPORTS_MACCATALYST = NO;
				SUPPORTS_MAC_DESIGNED_FOR_IPHONE_IPAD = NO;
				SWIFT_EMIT_LOC_STRINGS = YES;
				SWIFT_VERSION = 5.0;
				TARGETED_DEVICE_FAMILY = 1;
			};
			name = Debug;
		};
		54E3725029AF2A4900A67B6F /* Release */ = {
			isa = XCBuildConfiguration;
			buildSettings = {
				ASSETCATALOG_COMPILER_APPICON_NAME = AppIcon;
				ASSETCATALOG_COMPILER_GLOBAL_ACCENT_COLOR_NAME = AccentColor;
				CODE_SIGN_ENTITLEMENTS = Lightspeed_challenge/Lightspeed_challenge.entitlements;
				CODE_SIGN_STYLE = Automatic;
				CURRENT_PROJECT_VERSION = 1;
				DEVELOPMENT_ASSET_PATHS = "\"Lightspeed_challenge/Preview Content\"";
				DEVELOPMENT_TEAM = NSV84AMUXC;
				ENABLE_HARDENED_RUNTIME = YES;
				ENABLE_PREVIEWS = YES;
				GENERATE_INFOPLIST_FILE = YES;
				"INFOPLIST_KEY_UIApplicationSceneManifest_Generation[sdk=iphoneos*]" = YES;
				"INFOPLIST_KEY_UIApplicationSceneManifest_Generation[sdk=iphonesimulator*]" = YES;
				"INFOPLIST_KEY_UIApplicationSupportsIndirectInputEvents[sdk=iphoneos*]" = YES;
				"INFOPLIST_KEY_UIApplicationSupportsIndirectInputEvents[sdk=iphonesimulator*]" = YES;
				"INFOPLIST_KEY_UILaunchScreen_Generation[sdk=iphoneos*]" = YES;
				"INFOPLIST_KEY_UILaunchScreen_Generation[sdk=iphonesimulator*]" = YES;
				"INFOPLIST_KEY_UIStatusBarStyle[sdk=iphoneos*]" = UIStatusBarStyleDefault;
				"INFOPLIST_KEY_UIStatusBarStyle[sdk=iphonesimulator*]" = UIStatusBarStyleDefault;
				INFOPLIST_KEY_UISupportedInterfaceOrientations_iPad = "UIInterfaceOrientationPortrait UIInterfaceOrientationPortraitUpsideDown UIInterfaceOrientationLandscapeLeft UIInterfaceOrientationLandscapeRight";
				INFOPLIST_KEY_UISupportedInterfaceOrientations_iPhone = "UIInterfaceOrientationPortrait UIInterfaceOrientationLandscapeLeft UIInterfaceOrientationLandscapeRight";
				IPHONEOS_DEPLOYMENT_TARGET = 16.2;
				LD_RUNPATH_SEARCH_PATHS = "@executable_path/Frameworks";
				"LD_RUNPATH_SEARCH_PATHS[sdk=macosx*]" = "@executable_path/../Frameworks";
				MACOSX_DEPLOYMENT_TARGET = 13.1;
				MARKETING_VERSION = 1.0;
				PRODUCT_BUNDLE_IDENTIFIER = "com.sheharyar.Lightspeed-challenge";
				PRODUCT_NAME = "$(TARGET_NAME)";
				SDKROOT = auto;
				SUPPORTED_PLATFORMS = "iphoneos iphonesimulator";
				SUPPORTS_MACCATALYST = NO;
				SUPPORTS_MAC_DESIGNED_FOR_IPHONE_IPAD = NO;
				SWIFT_EMIT_LOC_STRINGS = YES;
				SWIFT_VERSION = 5.0;
				TARGETED_DEVICE_FAMILY = 1;
			};
			name = Release;
		};
		54E3725229AF2A4900A67B6F /* Debug */ = {
			isa = XCBuildConfiguration;
			buildSettings = {
				ALWAYS_EMBED_SWIFT_STANDARD_LIBRARIES = YES;
				BUNDLE_LOADER = "$(TEST_HOST)";
				CODE_SIGN_STYLE = Automatic;
				CURRENT_PROJECT_VERSION = 1;
				DEVELOPMENT_TEAM = NSV84AMUXC;
				GENERATE_INFOPLIST_FILE = YES;
				IPHONEOS_DEPLOYMENT_TARGET = 16.2;
				MACOSX_DEPLOYMENT_TARGET = 13.1;
				MARKETING_VERSION = 1.0;
				PRODUCT_BUNDLE_IDENTIFIER = "com.sheharyar.Lightspeed-challengeTests";
				PRODUCT_NAME = "$(TARGET_NAME)";
				SDKROOT = auto;
				SUPPORTED_PLATFORMS = "iphoneos iphonesimulator macosx";
				SWIFT_EMIT_LOC_STRINGS = NO;
				SWIFT_VERSION = 5.0;
				TARGETED_DEVICE_FAMILY = "1,2";
				TEST_HOST = "$(BUILT_PRODUCTS_DIR)/Lightspeed_challenge.app/$(BUNDLE_EXECUTABLE_FOLDER_PATH)/Lightspeed_challenge";
			};
			name = Debug;
		};
		54E3725329AF2A4900A67B6F /* Release */ = {
			isa = XCBuildConfiguration;
			buildSettings = {
				ALWAYS_EMBED_SWIFT_STANDARD_LIBRARIES = YES;
				BUNDLE_LOADER = "$(TEST_HOST)";
				CODE_SIGN_STYLE = Automatic;
				CURRENT_PROJECT_VERSION = 1;
				DEVELOPMENT_TEAM = NSV84AMUXC;
				GENERATE_INFOPLIST_FILE = YES;
				IPHONEOS_DEPLOYMENT_TARGET = 16.2;
				MACOSX_DEPLOYMENT_TARGET = 13.1;
				MARKETING_VERSION = 1.0;
				PRODUCT_BUNDLE_IDENTIFIER = "com.sheharyar.Lightspeed-challengeTests";
				PRODUCT_NAME = "$(TARGET_NAME)";
				SDKROOT = auto;
				SUPPORTED_PLATFORMS = "iphoneos iphonesimulator macosx";
				SWIFT_EMIT_LOC_STRINGS = NO;
				SWIFT_VERSION = 5.0;
				TARGETED_DEVICE_FAMILY = "1,2";
				TEST_HOST = "$(BUILT_PRODUCTS_DIR)/Lightspeed_challenge.app/$(BUNDLE_EXECUTABLE_FOLDER_PATH)/Lightspeed_challenge";
			};
			name = Release;
		};
		54E3725529AF2A4900A67B6F /* Debug */ = {
			isa = XCBuildConfiguration;
			buildSettings = {
				ALWAYS_EMBED_SWIFT_STANDARD_LIBRARIES = YES;
				CODE_SIGN_STYLE = Automatic;
				CURRENT_PROJECT_VERSION = 1;
				DEVELOPMENT_TEAM = NSV84AMUXC;
				GENERATE_INFOPLIST_FILE = YES;
				IPHONEOS_DEPLOYMENT_TARGET = 16.2;
				MACOSX_DEPLOYMENT_TARGET = 13.1;
				MARKETING_VERSION = 1.0;
				PRODUCT_BUNDLE_IDENTIFIER = "com.sheharyar.Lightspeed-challengeUITests";
				PRODUCT_NAME = "$(TARGET_NAME)";
				SDKROOT = auto;
				SUPPORTED_PLATFORMS = "iphoneos iphonesimulator macosx";
				SWIFT_EMIT_LOC_STRINGS = NO;
				SWIFT_VERSION = 5.0;
				TARGETED_DEVICE_FAMILY = "1,2";
				TEST_TARGET_NAME = Lightspeed_challenge;
			};
			name = Debug;
		};
		54E3725629AF2A4900A67B6F /* Release */ = {
			isa = XCBuildConfiguration;
			buildSettings = {
				ALWAYS_EMBED_SWIFT_STANDARD_LIBRARIES = YES;
				CODE_SIGN_STYLE = Automatic;
				CURRENT_PROJECT_VERSION = 1;
				DEVELOPMENT_TEAM = NSV84AMUXC;
				GENERATE_INFOPLIST_FILE = YES;
				IPHONEOS_DEPLOYMENT_TARGET = 16.2;
				MACOSX_DEPLOYMENT_TARGET = 13.1;
				MARKETING_VERSION = 1.0;
				PRODUCT_BUNDLE_IDENTIFIER = "com.sheharyar.Lightspeed-challengeUITests";
				PRODUCT_NAME = "$(TARGET_NAME)";
				SDKROOT = auto;
				SUPPORTED_PLATFORMS = "iphoneos iphonesimulator macosx";
				SWIFT_EMIT_LOC_STRINGS = NO;
				SWIFT_VERSION = 5.0;
				TARGETED_DEVICE_FAMILY = "1,2";
				TEST_TARGET_NAME = Lightspeed_challenge;
			};
			name = Release;
		};
/* End XCBuildConfiguration section */

/* Begin XCConfigurationList section */
		54E3722429AF2A4700A67B6F /* Build configuration list for PBXProject "Lightspeed_challenge" */ = {
			isa = XCConfigurationList;
			buildConfigurations = (
				54E3724C29AF2A4900A67B6F /* Debug */,
				54E3724D29AF2A4900A67B6F /* Release */,
			);
			defaultConfigurationIsVisible = 0;
			defaultConfigurationName = Release;
		};
		54E3724E29AF2A4900A67B6F /* Build configuration list for PBXNativeTarget "Lightspeed_challenge" */ = {
			isa = XCConfigurationList;
			buildConfigurations = (
				54E3724F29AF2A4900A67B6F /* Debug */,
				54E3725029AF2A4900A67B6F /* Release */,
			);
			defaultConfigurationIsVisible = 0;
			defaultConfigurationName = Release;
		};
		54E3725129AF2A4900A67B6F /* Build configuration list for PBXNativeTarget "Lightspeed_challengeTests" */ = {
			isa = XCConfigurationList;
			buildConfigurations = (
				54E3725229AF2A4900A67B6F /* Debug */,
				54E3725329AF2A4900A67B6F /* Release */,
			);
			defaultConfigurationIsVisible = 0;
			defaultConfigurationName = Release;
		};
		54E3725429AF2A4900A67B6F /* Build configuration list for PBXNativeTarget "Lightspeed_challengeUITests" */ = {
			isa = XCConfigurationList;
			buildConfigurations = (
				54E3725529AF2A4900A67B6F /* Debug */,
				54E3725629AF2A4900A67B6F /* Release */,
			);
			defaultConfigurationIsVisible = 0;
			defaultConfigurationName = Release;
		};
/* End XCConfigurationList section */
	};
	rootObject = 54E3722129AF2A4700A67B6F /* Project object */;
}
